
Microsoft Visual Studio Solution File, Format Version 10.00
# Visual Studio 2008
Project("{8BC9CEB8-8B4A-11D0-8D11-00A0C91BC942}") = "my12doomSource", "my12doomSource.vcproj", "{9F193B9F-D7FD-4D14-A242-117390413D52}"
EndProject
Project("{8BC9CEB8-8B4A-11D0-8D11-00A0C91BC942}") = "my12doom's 3dv demuxer", "my12doom's 3dv demuxer.vcproj", "{2F917148-3139-4725-8B1C-18D0D7FEE801}"
EndProject
Global
	GlobalSection(SolutionConfigurationPlatforms) = preSolution
		Debug|Win32 = Debug|Win32
		Release|Win32 = Release|Win32
	EndGlobalSection
	GlobalSection(ProjectConfigurationPlatforms) = postSolution
		{9F193B9F-D7FD-4D14-A242-117390413D52}.Debug|Win32.ActiveCfg = Debug|Win32
		{9F193B9F-D7FD-4D14-A242-117390413D52}.Debug|Win32.Build.0 = Debug|Win32
		{9F193B9F-D7FD-4D14-A242-117390413D52}.Release|Win32.ActiveCfg = Release|Win32
		{9F193B9F-D7FD-4D14-A242-117390413D52}.Release|Win32.Build.0 = Release|Win32
		{2F917148-3139-4725-8B1C-18D0D7FEE801}.Debug|Win32.ActiveCfg = Debug|Win32
		{2F917148-3139-4725-8B1C-18D0D7FEE801}.Debug|Win32.Build.0 = Debug|Win32
		{2F917148-3139-4725-8B1C-18D0D7FEE801}.Release|Win32.ActiveCfg = Release|Win32
		{2F917148-3139-4725-8B1C-18D0D7FEE801}.Release|Win32.Build.0 = Release|Win32
	EndGlobalSection
	GlobalSection(SolutionProperties) = preSolution
		HideSolutionNode = FALSE
	EndGlobalSection
EndGlobal
