Microsoft Visual Studio Solution File, Format Version 8.00
Project("{8BC9CEB8-8B4A-11D0-8D11-00A0C91BC942}") = "remux_publish", "remux_publish.vcproj", "{4306AC9F-8B5B-4863-9ED7-3F48BC39C643}"
	ProjectSection(ProjectDependencies) = postProject
	EndProjectSection
EndProject
Global
	GlobalSection(SolutionConfiguration) = preSolution
		Debug = Debug
		Release = Release
	EndGlobalSection
	GlobalSection(ProjectConfiguration) = postSolution
		{4306AC9F-8B5B-4863-9ED7-3F48BC39C643}.Debug.ActiveCfg = Debug|Win32
		{4306AC9F-8B5B-4863-9ED7-3F48BC39C643}.Debug.Build.0 = Debug|Win32
		{4306AC9F-8B5B-4863-9ED7-3F48BC39C643}.Release.ActiveCfg = Release|Win32
		{4306AC9F-8B5B-4863-9ED7-3F48BC39C643}.Release.Build.0 = Release|Win32
	EndGlobalSection
	GlobalSection(ExtensibilityGlobals) = postSolution
	EndGlobalSection
	GlobalSection(ExtensibilityAddIns) = postSolution
	EndGlobalSection
EndGlobal
