Microsoft Visual Studio Solution File, Format Version 10.00
# Visual Studio 2008
Project("{8BC9CEB8-8B4A-11D0-8D11-00A0C91BC942}") = "SsifAvs", "DirectShowSource.vcproj", "{1F09D15B-32A2-4B79-98D9-5FDE7B35EEFE}"
EndProject
Global
	GlobalSection(SolutionConfigurationPlatforms) = preSolution
		Debug|Win32 = Debug|Win32
		Release_mt|Win32 = Release_mt|Win32
		Release|Win32 = Release|Win32
	EndGlobalSection
	GlobalSection(ProjectConfigurationPlatforms) = postSolution
		{1F09D15B-32A2-4B79-98D9-5FDE7B35EEFE}.Debug|Win32.ActiveCfg = Debug|Win32
		{1F09D15B-32A2-4B79-98D9-5FDE7B35EEFE}.Debug|Win32.Build.0 = Debug|Win32
		{1F09D15B-32A2-4B79-98D9-5FDE7B35EEFE}.Release_mt|Win32.ActiveCfg = Release_mt|Win32
		{1F09D15B-32A2-4B79-98D9-5FDE7B35EEFE}.Release_mt|Win32.Build.0 = Release_mt|Win32
		{1F09D15B-32A2-4B79-98D9-5FDE7B35EEFE}.Release|Win32.ActiveCfg = Release|Win32
		{1F09D15B-32A2-4B79-98D9-5FDE7B35EEFE}.Release|Win32.Build.0 = Release|Win32
	EndGlobalSection
	GlobalSection(SolutionProperties) = preSolution
		HideSolutionNode = FALSE
	EndGlobalSection
EndGlobal
