Microsoft Visual Studio Solution File, Format Version 8.00
Project("{8BC9CEB8-8B4A-11D0-8D11-00A0C91BC942}") = "crypt_server", "crypt_server.vcproj", "{192B6553-7AF4-414F-8B6C-BF58C02D809A}"
	ProjectSection(ProjectDependencies) = postProject
	EndProjectSection
EndProject
Global
	GlobalSection(SolutionConfiguration) = preSolution
		Debug = Debug
		Release = Release
	EndGlobalSection
	GlobalSection(ProjectConfiguration) = postSolution
		{192B6553-7AF4-414F-8B6C-BF58C02D809A}.Debug.ActiveCfg = Debug|Win32
		{192B6553-7AF4-414F-8B6C-BF58C02D809A}.Debug.Build.0 = Debug|Win32
		{192B6553-7AF4-414F-8B6C-BF58C02D809A}.Release.ActiveCfg = Release|Win32
		{192B6553-7AF4-414F-8B6C-BF58C02D809A}.Release.Build.0 = Release|Win32
	EndGlobalSection
	GlobalSection(ExtensibilityGlobals) = postSolution
	EndGlobalSection
	GlobalSection(ExtensibilityAddIns) = postSolution
	EndGlobalSection
EndGlobal
