
Microsoft Visual Studio Solution File, Format Version 10.00
# Visual Studio 2008
Project("{8BC9CEB8-8B4A-11D0-8D11-00A0C91BC942}") = "two2one", "two2one.vcproj", "{8F8E3F37-F0AA-4DE1-9675-2C775C575D3F}"
EndProject
Global
	GlobalSection(SolutionConfigurationPlatforms) = preSolution
		Debug|Win32 = Debug|Win32
		Release|Win32 = Release|Win32
	EndGlobalSection
	GlobalSection(ProjectConfigurationPlatforms) = postSolution
		{8F8E3F37-F0AA-4DE1-9675-2C775C575D3F}.Debug|Win32.ActiveCfg = Debug|Win32
		{8F8E3F37-F0AA-4DE1-9675-2C775C575D3F}.Debug|Win32.Build.0 = Debug|Win32
		{8F8E3F37-F0AA-4DE1-9675-2C775C575D3F}.Release|Win32.ActiveCfg = Release|Win32
		{8F8E3F37-F0AA-4DE1-9675-2C775C575D3F}.Release|Win32.Build.0 = Release|Win32
	EndGlobalSection
	GlobalSection(SolutionProperties) = preSolution
		HideSolutionNode = FALSE
	EndGlobalSection
EndGlobal
