
Microsoft Visual Studio Solution File, Format Version 10.00
# Visual Studio 2008
Project("{8BC9CEB8-8B4A-11D0-8D11-00A0C91BC942}") = "readmpls", "readmpls.vcproj", "{C17B8638-3D9D-461F-9734-7FB1549263A3}"
EndProject
Global
	GlobalSection(SolutionConfigurationPlatforms) = preSolution
		Debug|Win32 = Debug|Win32
		Release|Win32 = Release|Win32
	EndGlobalSection
	GlobalSection(ProjectConfigurationPlatforms) = postSolution
		{C17B8638-3D9D-461F-9734-7FB1549263A3}.Debug|Win32.ActiveCfg = Debug|Win32
		{C17B8638-3D9D-461F-9734-7FB1549263A3}.Debug|Win32.Build.0 = Debug|Win32
		{C17B8638-3D9D-461F-9734-7FB1549263A3}.Release|Win32.ActiveCfg = Release|Win32
		{C17B8638-3D9D-461F-9734-7FB1549263A3}.Release|Win32.Build.0 = Release|Win32
	EndGlobalSection
	GlobalSection(SolutionProperties) = preSolution
		HideSolutionNode = FALSE
	EndGlobalSection
EndGlobal
