Microsoft Visual Studio Solution File, Format Version 10.00
# Visual Studio 2008
Project("{8BC9CEB8-8B4A-11D0-8D11-00A0C91BC942}") = "dwindow", "dwindow.vcproj", "{99F4BF26-5159-4A90-83BE-CB492C8A87C7}"
	ProjectSection(ProjectDependencies) = postProject
		{B2C82C01-65E8-44E2-AF31-10A6FE471F39} = {B2C82C01-65E8-44E2-AF31-10A6FE471F39}
		{3FC7256B-0072-43BD-A284-77A147297150} = {3FC7256B-0072-43BD-A284-77A147297150}
	EndProjectSection
EndProject
Project("{8BC9CEB8-8B4A-11D0-8D11-00A0C91BC942}") = "lua", "..\lua\lua.vcproj", "{3FC7256B-0072-43BD-A284-77A147297150}"
EndProject
Project("{8BC9CEB8-8B4A-11D0-8D11-00A0C91BC942}") = "plugin_bittorrent", "..\lua\sample.vcproj", "{4C42F70A-3497-4B9F-8850-ED1DEF413E89}"
EndProject
Project("{8BC9CEB8-8B4A-11D0-8D11-00A0C91BC942}") = "sign", "..\lua_sign\sign.vcproj", "{B2C82C01-65E8-44E2-AF31-10A6FE471F39}"
EndProject
Global
	GlobalSection(SolutionConfigurationPlatforms) = preSolution
		Debug|Win32 = Debug|Win32
		Debug|x64 = Debug|x64
		release_jz|Win32 = release_jz|Win32
		release_jz|x64 = release_jz|x64
		release_mt|Win32 = release_mt|Win32
		release_mt|x64 = release_mt|x64
		release_oem1|Win32 = release_oem1|Win32
		release_oem1|x64 = release_oem1|x64
		release_oem2|Win32 = release_oem2|Win32
		release_oem2|x64 = release_oem2|x64
		release_personal|Win32 = release_personal|Win32
		release_personal|x64 = release_personal|x64
		release_vstar|Win32 = release_vstar|Win32
		release_vstar|x64 = release_vstar|x64
		release_zhu|Win32 = release_zhu|Win32
		release_zhu|x64 = release_zhu|x64
		Release|Win32 = Release|Win32
		Release|x64 = Release|x64
	EndGlobalSection
	GlobalSection(ProjectConfigurationPlatforms) = postSolution
		{99F4BF26-5159-4A90-83BE-CB492C8A87C7}.Debug|Win32.ActiveCfg = Debug|Win32
		{99F4BF26-5159-4A90-83BE-CB492C8A87C7}.Debug|Win32.Build.0 = Debug|Win32
		{99F4BF26-5159-4A90-83BE-CB492C8A87C7}.Debug|x64.ActiveCfg = Debug|x64
		{99F4BF26-5159-4A90-83BE-CB492C8A87C7}.Debug|x64.Build.0 = Debug|x64
		{99F4BF26-5159-4A90-83BE-CB492C8A87C7}.release_jz|Win32.ActiveCfg = release_jz|Win32
		{99F4BF26-5159-4A90-83BE-CB492C8A87C7}.release_jz|Win32.Build.0 = release_jz|Win32
		{99F4BF26-5159-4A90-83BE-CB492C8A87C7}.release_jz|x64.ActiveCfg = release_jz|x64
		{99F4BF26-5159-4A90-83BE-CB492C8A87C7}.release_jz|x64.Build.0 = release_jz|x64
		{99F4BF26-5159-4A90-83BE-CB492C8A87C7}.release_mt|Win32.ActiveCfg = release_mt|Win32
		{99F4BF26-5159-4A90-83BE-CB492C8A87C7}.release_mt|Win32.Build.0 = release_mt|Win32
		{99F4BF26-5159-4A90-83BE-CB492C8A87C7}.release_mt|x64.ActiveCfg = release_mt|x64
		{99F4BF26-5159-4A90-83BE-CB492C8A87C7}.release_mt|x64.Build.0 = release_mt|x64
		{99F4BF26-5159-4A90-83BE-CB492C8A87C7}.release_oem1|Win32.ActiveCfg = release_oem1|Win32
		{99F4BF26-5159-4A90-83BE-CB492C8A87C7}.release_oem1|Win32.Build.0 = release_oem1|Win32
		{99F4BF26-5159-4A90-83BE-CB492C8A87C7}.release_oem1|x64.ActiveCfg = release_oem1|x64
		{99F4BF26-5159-4A90-83BE-CB492C8A87C7}.release_oem1|x64.Build.0 = release_oem1|x64
		{99F4BF26-5159-4A90-83BE-CB492C8A87C7}.release_oem2|Win32.ActiveCfg = release_oem2|Win32
		{99F4BF26-5159-4A90-83BE-CB492C8A87C7}.release_oem2|Win32.Build.0 = release_oem2|Win32
		{99F4BF26-5159-4A90-83BE-CB492C8A87C7}.release_oem2|x64.ActiveCfg = release_oem2|x64
		{99F4BF26-5159-4A90-83BE-CB492C8A87C7}.release_oem2|x64.Build.0 = release_oem2|x64
		{99F4BF26-5159-4A90-83BE-CB492C8A87C7}.release_personal|Win32.ActiveCfg = release_personal|Win32
		{99F4BF26-5159-4A90-83BE-CB492C8A87C7}.release_personal|Win32.Build.0 = release_personal|Win32
		{99F4BF26-5159-4A90-83BE-CB492C8A87C7}.release_personal|x64.ActiveCfg = release_personal|x64
		{99F4BF26-5159-4A90-83BE-CB492C8A87C7}.release_personal|x64.Build.0 = release_personal|x64
		{99F4BF26-5159-4A90-83BE-CB492C8A87C7}.release_vstar|Win32.ActiveCfg = release_vstar|Win32
		{99F4BF26-5159-4A90-83BE-CB492C8A87C7}.release_vstar|Win32.Build.0 = release_vstar|Win32
		{99F4BF26-5159-4A90-83BE-CB492C8A87C7}.release_vstar|x64.ActiveCfg = release_vstar|x64
		{99F4BF26-5159-4A90-83BE-CB492C8A87C7}.release_vstar|x64.Build.0 = release_vstar|x64
		{99F4BF26-5159-4A90-83BE-CB492C8A87C7}.release_zhu|Win32.ActiveCfg = release_zhu|Win32
		{99F4BF26-5159-4A90-83BE-CB492C8A87C7}.release_zhu|Win32.Build.0 = release_zhu|Win32
		{99F4BF26-5159-4A90-83BE-CB492C8A87C7}.release_zhu|x64.ActiveCfg = release_zhu|x64
		{99F4BF26-5159-4A90-83BE-CB492C8A87C7}.release_zhu|x64.Build.0 = release_zhu|x64
		{99F4BF26-5159-4A90-83BE-CB492C8A87C7}.Release|Win32.ActiveCfg = Release|Win32
		{99F4BF26-5159-4A90-83BE-CB492C8A87C7}.Release|Win32.Build.0 = Release|Win32
		{99F4BF26-5159-4A90-83BE-CB492C8A87C7}.Release|x64.ActiveCfg = Release|x64
		{99F4BF26-5159-4A90-83BE-CB492C8A87C7}.Release|x64.Build.0 = Release|x64
		{3FC7256B-0072-43BD-A284-77A147297150}.Debug|Win32.ActiveCfg = Debug|Win32
		{3FC7256B-0072-43BD-A284-77A147297150}.Debug|Win32.Build.0 = Debug|Win32
		{3FC7256B-0072-43BD-A284-77A147297150}.Debug|x64.ActiveCfg = Debug|Win32
		{3FC7256B-0072-43BD-A284-77A147297150}.release_jz|Win32.ActiveCfg = release_jz|Win32
		{3FC7256B-0072-43BD-A284-77A147297150}.release_jz|Win32.Build.0 = release_jz|Win32
		{3FC7256B-0072-43BD-A284-77A147297150}.release_jz|x64.ActiveCfg = Release|Win32
		{3FC7256B-0072-43BD-A284-77A147297150}.release_mt|Win32.ActiveCfg = release_mt|Win32
		{3FC7256B-0072-43BD-A284-77A147297150}.release_mt|Win32.Build.0 = release_mt|Win32
		{3FC7256B-0072-43BD-A284-77A147297150}.release_mt|x64.ActiveCfg = Release|Win32
		{3FC7256B-0072-43BD-A284-77A147297150}.release_oem1|Win32.ActiveCfg = release_oem1|Win32
		{3FC7256B-0072-43BD-A284-77A147297150}.release_oem1|Win32.Build.0 = release_oem1|Win32
		{3FC7256B-0072-43BD-A284-77A147297150}.release_oem1|x64.ActiveCfg = release_oem1|Win32
		{3FC7256B-0072-43BD-A284-77A147297150}.release_oem2|Win32.ActiveCfg = Debug|Win32
		{3FC7256B-0072-43BD-A284-77A147297150}.release_oem2|Win32.Build.0 = Debug|Win32
		{3FC7256B-0072-43BD-A284-77A147297150}.release_oem2|x64.ActiveCfg = release_oem2|Win32
		{3FC7256B-0072-43BD-A284-77A147297150}.release_personal|Win32.ActiveCfg = release_personal|Win32
		{3FC7256B-0072-43BD-A284-77A147297150}.release_personal|Win32.Build.0 = release_personal|Win32
		{3FC7256B-0072-43BD-A284-77A147297150}.release_personal|x64.ActiveCfg = Release|Win32
		{3FC7256B-0072-43BD-A284-77A147297150}.release_vstar|Win32.ActiveCfg = release_vstar|Win32
		{3FC7256B-0072-43BD-A284-77A147297150}.release_vstar|Win32.Build.0 = release_vstar|Win32
		{3FC7256B-0072-43BD-A284-77A147297150}.release_vstar|x64.ActiveCfg = Release|Win32
		{3FC7256B-0072-43BD-A284-77A147297150}.release_zhu|Win32.ActiveCfg = release_zhu|Win32
		{3FC7256B-0072-43BD-A284-77A147297150}.release_zhu|Win32.Build.0 = release_zhu|Win32
		{3FC7256B-0072-43BD-A284-77A147297150}.release_zhu|x64.ActiveCfg = Release|Win32
		{3FC7256B-0072-43BD-A284-77A147297150}.Release|Win32.ActiveCfg = Release|Win32
		{3FC7256B-0072-43BD-A284-77A147297150}.Release|Win32.Build.0 = Release|Win32
		{3FC7256B-0072-43BD-A284-77A147297150}.Release|x64.ActiveCfg = Release|Win32
		{4C42F70A-3497-4B9F-8850-ED1DEF413E89}.Debug|Win32.ActiveCfg = Debug|Win32
		{4C42F70A-3497-4B9F-8850-ED1DEF413E89}.Debug|x64.ActiveCfg = Debug|Win32
		{4C42F70A-3497-4B9F-8850-ED1DEF413E89}.release_jz|Win32.ActiveCfg = release_jz|Win32
		{4C42F70A-3497-4B9F-8850-ED1DEF413E89}.release_jz|Win32.Build.0 = release_jz|Win32
		{4C42F70A-3497-4B9F-8850-ED1DEF413E89}.release_jz|x64.ActiveCfg = Release|Win32
		{4C42F70A-3497-4B9F-8850-ED1DEF413E89}.release_mt|Win32.ActiveCfg = release_mt|Win32
		{4C42F70A-3497-4B9F-8850-ED1DEF413E89}.release_mt|Win32.Build.0 = release_mt|Win32
		{4C42F70A-3497-4B9F-8850-ED1DEF413E89}.release_mt|x64.ActiveCfg = Release|Win32
		{4C42F70A-3497-4B9F-8850-ED1DEF413E89}.release_oem1|Win32.ActiveCfg = release_oem1|Win32
		{4C42F70A-3497-4B9F-8850-ED1DEF413E89}.release_oem1|Win32.Build.0 = release_oem1|Win32
		{4C42F70A-3497-4B9F-8850-ED1DEF413E89}.release_oem1|x64.ActiveCfg = release_oem1|Win32
		{4C42F70A-3497-4B9F-8850-ED1DEF413E89}.release_oem2|Win32.ActiveCfg = release_oem2|Win32
		{4C42F70A-3497-4B9F-8850-ED1DEF413E89}.release_oem2|Win32.Build.0 = release_oem2|Win32
		{4C42F70A-3497-4B9F-8850-ED1DEF413E89}.release_oem2|x64.ActiveCfg = release_oem2|Win32
		{4C42F70A-3497-4B9F-8850-ED1DEF413E89}.release_personal|Win32.ActiveCfg = release_personal|Win32
		{4C42F70A-3497-4B9F-8850-ED1DEF413E89}.release_personal|Win32.Build.0 = release_personal|Win32
		{4C42F70A-3497-4B9F-8850-ED1DEF413E89}.release_personal|x64.ActiveCfg = Release|Win32
		{4C42F70A-3497-4B9F-8850-ED1DEF413E89}.release_vstar|Win32.ActiveCfg = Release|Win32
		{4C42F70A-3497-4B9F-8850-ED1DEF413E89}.release_vstar|Win32.Build.0 = Release|Win32
		{4C42F70A-3497-4B9F-8850-ED1DEF413E89}.release_vstar|x64.ActiveCfg = Release|Win32
		{4C42F70A-3497-4B9F-8850-ED1DEF413E89}.release_zhu|Win32.ActiveCfg = Release|Win32
		{4C42F70A-3497-4B9F-8850-ED1DEF413E89}.release_zhu|Win32.Build.0 = Release|Win32
		{4C42F70A-3497-4B9F-8850-ED1DEF413E89}.release_zhu|x64.ActiveCfg = Release|Win32
		{4C42F70A-3497-4B9F-8850-ED1DEF413E89}.Release|Win32.ActiveCfg = Release|Win32
		{4C42F70A-3497-4B9F-8850-ED1DEF413E89}.Release|Win32.Build.0 = Release|Win32
		{4C42F70A-3497-4B9F-8850-ED1DEF413E89}.Release|x64.ActiveCfg = Release|Win32
		{B2C82C01-65E8-44E2-AF31-10A6FE471F39}.Debug|Win32.ActiveCfg = Debug|Win32
		{B2C82C01-65E8-44E2-AF31-10A6FE471F39}.Debug|Win32.Build.0 = Debug|Win32
		{B2C82C01-65E8-44E2-AF31-10A6FE471F39}.Debug|x64.ActiveCfg = Debug|Win32
		{B2C82C01-65E8-44E2-AF31-10A6FE471F39}.release_jz|Win32.ActiveCfg = Release|Win32
		{B2C82C01-65E8-44E2-AF31-10A6FE471F39}.release_jz|Win32.Build.0 = Release|Win32
		{B2C82C01-65E8-44E2-AF31-10A6FE471F39}.release_jz|x64.ActiveCfg = Release|Win32
		{B2C82C01-65E8-44E2-AF31-10A6FE471F39}.release_mt|Win32.ActiveCfg = Release|Win32
		{B2C82C01-65E8-44E2-AF31-10A6FE471F39}.release_mt|Win32.Build.0 = Release|Win32
		{B2C82C01-65E8-44E2-AF31-10A6FE471F39}.release_mt|x64.ActiveCfg = Release|Win32
		{B2C82C01-65E8-44E2-AF31-10A6FE471F39}.release_oem1|Win32.ActiveCfg = release_oem1|Win32
		{B2C82C01-65E8-44E2-AF31-10A6FE471F39}.release_oem1|Win32.Build.0 = release_oem1|Win32
		{B2C82C01-65E8-44E2-AF31-10A6FE471F39}.release_oem1|x64.ActiveCfg = release_oem1|Win32
		{B2C82C01-65E8-44E2-AF31-10A6FE471F39}.release_oem2|Win32.ActiveCfg = release_oem2|Win32
		{B2C82C01-65E8-44E2-AF31-10A6FE471F39}.release_oem2|Win32.Build.0 = release_oem2|Win32
		{B2C82C01-65E8-44E2-AF31-10A6FE471F39}.release_oem2|x64.ActiveCfg = release_oem2|Win32
		{B2C82C01-65E8-44E2-AF31-10A6FE471F39}.release_personal|Win32.ActiveCfg = Release|Win32
		{B2C82C01-65E8-44E2-AF31-10A6FE471F39}.release_personal|Win32.Build.0 = Release|Win32
		{B2C82C01-65E8-44E2-AF31-10A6FE471F39}.release_personal|x64.ActiveCfg = Release|Win32
		{B2C82C01-65E8-44E2-AF31-10A6FE471F39}.release_vstar|Win32.ActiveCfg = Release|Win32
		{B2C82C01-65E8-44E2-AF31-10A6FE471F39}.release_vstar|Win32.Build.0 = Release|Win32
		{B2C82C01-65E8-44E2-AF31-10A6FE471F39}.release_vstar|x64.ActiveCfg = Release|Win32
		{B2C82C01-65E8-44E2-AF31-10A6FE471F39}.release_zhu|Win32.ActiveCfg = Release|Win32
		{B2C82C01-65E8-44E2-AF31-10A6FE471F39}.release_zhu|Win32.Build.0 = Release|Win32
		{B2C82C01-65E8-44E2-AF31-10A6FE471F39}.release_zhu|x64.ActiveCfg = Release|Win32
		{B2C82C01-65E8-44E2-AF31-10A6FE471F39}.Release|Win32.ActiveCfg = Release|Win32
		{B2C82C01-65E8-44E2-AF31-10A6FE471F39}.Release|Win32.Build.0 = Release|Win32
		{B2C82C01-65E8-44E2-AF31-10A6FE471F39}.Release|x64.ActiveCfg = Release|Win32
	EndGlobalSection
	GlobalSection(SolutionProperties) = preSolution
		HideSolutionNode = FALSE
	EndGlobalSection
EndGlobal
