Microsoft Visual Studio Solution File, Format Version 8.00
Project("{8BC9CEB8-8B4A-11D0-8D11-00A0C91BC942}") = "signature", "signature.vcproj", "{14626E1A-C08B-40EE-8416-7EDB8A9AD582}"
	ProjectSection(ProjectDependencies) = postProject
	EndProjectSection
EndProject
Global
	GlobalSection(SolutionConfiguration) = preSolution
		Debug = Debug
		Release = Release
	EndGlobalSection
	GlobalSection(ProjectConfiguration) = postSolution
		{14626E1A-C08B-40EE-8416-7EDB8A9AD582}.Debug.ActiveCfg = Debug|Win32
		{14626E1A-C08B-40EE-8416-7EDB8A9AD582}.Debug.Build.0 = Debug|Win32
		{14626E1A-C08B-40EE-8416-7EDB8A9AD582}.Release.ActiveCfg = Release|Win32
		{14626E1A-C08B-40EE-8416-7EDB8A9AD582}.Release.Build.0 = Release|Win32
	EndGlobalSection
	GlobalSection(ExtensibilityGlobals) = postSolution
	EndGlobalSection
	GlobalSection(ExtensibilityAddIns) = postSolution
	EndGlobalSection
EndGlobal
